
Microsoft Visual Studio Solution File, Format Version 12.00
# Visual Studio Version 16
VisualStudioVersion = 16.0.29728.190
MinimumVisualStudioVersion = 10.0.40219.1
Project("{FAE04EC0-301F-11D3-BF4B-00C04F79EFBC}") = "PR_Lab3", "PR_Lab3\PR_Lab3.csproj", "{BE04AF54-5C89-4A7C-90FA-5B836C00B518}"
EndProject
Global
	GlobalSection(SolutionConfigurationPlatforms) = preSolution
		Debug|Any CPU = Debug|Any CPU
		Release|Any CPU = Release|Any CPU
	EndGlobalSection
	GlobalSection(ProjectConfigurationPlatforms) = postSolution
		{BE04AF54-5C89-4A7C-90FA-5B836C00B518}.Debug|Any CPU.ActiveCfg = Debug|Any CPU
		{BE04AF54-5C89-4A7C-90FA-5B836C00B518}.Debug|Any CPU.Build.0 = Debug|Any CPU
		{BE04AF54-5C89-4A7C-90FA-5B836C00B518}.Release|Any CPU.ActiveCfg = Release|Any CPU
		{BE04AF54-5C89-4A7C-90FA-5B836C00B518}.Release|Any CPU.Build.0 = Release|Any CPU
	EndGlobalSection
	GlobalSection(SolutionProperties) = preSolution
		HideSolutionNode = FALSE
	EndGlobalSection
	GlobalSection(ExtensibilityGlobals) = postSolution
		SolutionGuid = {ED8610CD-EF24-4937-994C-65C1A1AE25AD}
	EndGlobalSection
EndGlobal
